{
  "version": 4,
  "terraform_version": "1.12.2",
  "serial": 20,
  "lineage": "06f54d86-f033-45e7-e80e-a8789112edea",
  "outputs": {
    "cluster_id": {
      "value": "connections-cluster",
      "type": "string"
    },
    "node_group_id": {
      "value": "connections-cluster:connections-node-group",
      "type": "string"
    },
    "subnet_ids": {
      "value": [
        "subnet-031783ae23d94160c",
        "subnet-0e158b3ef8eed1985"
      ],
      "type": [
        "tuple",
        [
          "string",
          "string"
        ]
      ]
    },
    "vpc_id": {
      "value": "vpc-01756919876e44cc1",
      "type": "string"
    }
  },
  "resources": [
    {
      "mode": "managed",
      "type": "aws_eks_cluster",
      "name": "connections",
      "provider": "provider[\"registry.terraform.io/hashicorp/aws\"]",
      "instances": [
        {
          "schema_version": 1,
          "attributes": {
            "access_config": [
              {
                "authentication_mode": "CONFIG_MAP",
                "bootstrap_cluster_creator_admin_permissions": true
              }
            ],
            "arn": "arn:aws:eks:ap-south-1:010025084339:cluster/connections-cluster",
            "bootstrap_self_managed_addons": true,
            "certificate_authority": [
              {
                "data": "LS0tLS1CRUdJTiBDRVJUSUZJQ0FURS0tLS0tCk1JSURCVENDQWUyZ0F3SUJBZ0lJUW1PR05mMEVDeUl3RFFZSktvWklodmNOQVFFTEJRQXdGVEVUTUJFR0ExVUUKQXhNS2EzVmlaWEp1WlhSbGN6QWVGdzB5TlRBNE1qVXhOVEF5TlRKYUZ3MHpOVEE0TWpNeE5UQTNOVEphTUJVeApFekFSQmdOVkJBTVRDbXQxWW1WeWJtVjBaWE13Z2dFaU1BMEdDU3FHU0liM0RRRUJBUVVBQTRJQkR3QXdnZ0VLCkFvSUJBUURlOUxESWxTaFVlMUo5OElHRFVZZGZlb0pTSnRuanBwb0JQYzNNb3dHdElwdmdhRmhpbmpGay9udmMKY01XU1ZxNjRpYXV3KzFhNm1IL3lmYlMya2wvYnc5em13NDdTSEtzQ2VYYWMyMkJpZkhxMTFQUWQ5aXdqSmhVaQp5Tk5JOHp2VHd2QWZxaVVZRUZNOWxabnJGaW9MY3hQMVdEZ0xwSVhNaUx6aFRMWFNVcStmSGhJVnR0SDlJOW56CnpYLzBjSUNoME5Ma2VOazJXMXlJUUVORXA2OFF4amxGV0dURWFoQTRva3VyN2ZZNVBJQlE0UE5wT0xCOVNyODAKVkhkYlluT3J0SFcxemRKMTJ6RmkwZnF4THFOOGw0U0IzZGpJcGdDdmVIVkQ3QXJxTmpEYndMa3ZVSmZ4SE14cgpuRDhLTGZGUXMvSXdjSjcyNFFYSDFIR29acCtMQWdNQkFBR2pXVEJYTUE0R0ExVWREd0VCL3dRRUF3SUNwREFQCkJnTlZIUk1CQWY4RUJUQURBUUgvTUIwR0ExVWREZ1FXQkJROXBPR3JTVTlHU1BoemttSlhKQmdnNHMreVdUQVYKQmdOVkhSRUVEakFNZ2dwcmRXSmxjbTVsZEdWek1BMEdDU3FHU0liM0RRRUJDd1VBQTRJQkFRQ1ZYdlE0S2FwTgpGNUdXM2hjbnNVK3ZaWTFQQkJPMnhTWmF5VkZwK2hiVVJaeDluT2Z6Qzc1VjAvRWNISWNuNGczQjVNTWNNMm5JCmFGaXIzT2dLc0o1VlFIdjRKb1I0WWhxNlpDaXU5TU1rTVdQblByT2luVkhWckZCbjgvRDl5dUlWQmU1QnppTkIKR2prM0QvckVSTkVMWVErY0xoa0lnUGlYYkFJbmRPbTRlOVh3a2UxYmp3TTlhT2ZJVkxkbHAzQ21XTFU5QVNwRwpBWFkwMTFpaW5lMitCSEpIOTZ0NUs5dVhWejV3ZzYrTmZXT0FwdXlPSmJma1h6N2lYMHlsLzY2U1JTOWV2Nk1CClhRdTNHbjY5WXJEbjhjdWk5RTBvTGc2aGxjNDA5N05KT3R5RE4rZjFzYm9PWmVmZXJBV1dwVXMxSjNiamx2ZCsKZ0FCNWt3OVBmN3NECi0tLS0tRU5EIENFUlRJRklDQVRFLS0tLS0K"
              }
            ],
            "cluster_id": null,
            "compute_config": [],
            "created_at": "2025-08-25T15:02:46Z",
            "deletion_protection": false,
            "enabled_cluster_log_types": [],
            "encryption_config": [],
            "endpoint": "https://B8A71BD550931CFD95D49056F265DE12.yl4.ap-south-1.eks.amazonaws.com",
            "force_update_version": null,
            "id": "connections-cluster",
            "identity": [
              {
                "oidc": [
                  {
                    "issuer": "https://oidc.eks.ap-south-1.amazonaws.com/id/B8A71BD550931CFD95D49056F265DE12"
                  }
                ]
              }
            ],
            "kubernetes_network_config": [
              {
                "elastic_load_balancing": [
                  {
                    "enabled": false
                  }
                ],
                "ip_family": "ipv4",
                "service_ipv4_cidr": "172.20.0.0/16",
                "service_ipv6_cidr": ""
              }
            ],
            "name": "connections-cluster",
            "outpost_config": [],
            "platform_version": "eks.11",
            "region": "ap-south-1",
            "remote_network_config": [],
            "role_arn": "arn:aws:iam::010025084339:role/connections-cluster-role",
            "status": "ACTIVE",
            "storage_config": [],
            "tags": {},
            "tags_all": {},
            "timeouts": null,
            "upgrade_policy": [
              {
                "support_type": "EXTENDED"
              }
            ],
            "version": "1.33",
            "vpc_config": [
              {
                "cluster_security_group_id": "sg-0ff6de3441db47bc4",
                "endpoint_private_access": false,
                "endpoint_public_access": true,
                "public_access_cidrs": [
                  "0.0.0.0/0"
                ],
                "security_group_ids": [
                  "sg-01be443fc3ab3db72"
                ],
                "subnet_ids": [
                  "subnet-031783ae23d94160c",
                  "subnet-0e158b3ef8eed1985"
                ],
                "vpc_id": "vpc-01756919876e44cc1"
              }
            ],
            "zonal_shift_config": []
          },
          "sensitive_attributes": [],
          "identity_schema_version": 0,
          "private": "eyJlMmJmYjczMC1lY2FhLTExZTYtOGY4OC0zNDM2M2JjN2M0YzAiOnsiY3JlYXRlIjoxODAwMDAwMDAwMDAwLCJkZWxldGUiOjkwMDAwMDAwMDAwMCwidXBkYXRlIjozNjAwMDAwMDAwMDAwfSwic2NoZW1hX3ZlcnNpb24iOiIxIn0=",
          "dependencies": [
            "aws_iam_role.connections_cluster_role",
            "aws_security_group.connections_cluster_sg",
            "aws_subnet.connections_subnet",
            "aws_vpc.connections_vpc"
          ]
        }
      ]
    },
    {
      "mode": "managed",
      "type": "aws_eks_node_group",
      "name": "connections",
      "provider": "provider[\"registry.terraform.io/hashicorp/aws\"]",
      "instances": [
        {
          "schema_version": 0,
          "attributes": {
            "ami_type": "AL2023_x86_64_STANDARD",
            "arn": "arn:aws:eks:ap-south-1:010025084339:nodegroup/connections-cluster/connections-node-group/80cc70e6-46e1-0e70-a5b7-322de4b6cf86",
            "capacity_type": "ON_DEMAND",
            "cluster_name": "connections-cluster",
            "disk_size": 20,
            "force_update_version": null,
            "id": "connections-cluster:connections-node-group",
            "instance_types": [
              "m7i-flex.large"
            ],
            "labels": null,
            "launch_template": [],
            "node_group_name": "connections-node-group",
            "node_group_name_prefix": "",
            "node_repair_config": [],
            "node_role_arn": "arn:aws:iam::010025084339:role/connections-node-group-role",
            "region": "ap-south-1",
            "release_version": "1.33.3-20250819",
            "remote_access": [
              {
                "ec2_ssh_key": "conn-server",
                "source_security_group_ids": [
                  "sg-054b350f0420ae639"
                ]
              }
            ],
            "resources": [
              {
                "autoscaling_groups": [
                  {
                    "name": "eks-connections-node-group-80cc70e6-46e1-0e70-a5b7-322de4b6cf86"
                  }
                ],
                "remote_access_security_group_id": "sg-0c23aeb3522c01e9e"
              }
            ],
            "scaling_config": [
              {
                "desired_size": 3,
                "max_size": 3,
                "min_size": 3
              }
            ],
            "status": "ACTIVE",
            "subnet_ids": [
              "subnet-031783ae23d94160c",
              "subnet-0e158b3ef8eed1985"
            ],
            "tags": null,
            "tags_all": {},
            "taint": [],
            "timeouts": null,
            "update_config": [
              {
                "max_unavailable": 1,
                "max_unavailable_percentage": 0
              }
            ],
            "version": "1.33"
          },
          "sensitive_attributes": [],
          "identity_schema_version": 0,
          "private": "eyJlMmJmYjczMC1lY2FhLTExZTYtOGY4OC0zNDM2M2JjN2M0YzAiOnsiY3JlYXRlIjozNjAwMDAwMDAwMDAwLCJkZWxldGUiOjM2MDAwMDAwMDAwMDAsInVwZGF0ZSI6MzYwMDAwMDAwMDAwMH19",
          "dependencies": [
            "aws_eks_cluster.connections",
            "aws_iam_role.connections_cluster_role",
            "aws_iam_role.connections_node_group_role",
            "aws_security_group.connections_cluster_sg",
            "aws_security_group.connections_node_sg",
            "aws_subnet.connections_subnet",
            "aws_vpc.connections_vpc"
          ]
        }
      ]
    },
    {
      "mode": "managed",
      "type": "aws_iam_role",
      "name": "connections_cluster_role",
      "provider": "provider[\"registry.terraform.io/hashicorp/aws\"]",
      "instances": [
        {
          "schema_version": 0,
          "attributes": {
            "arn": "arn:aws:iam::010025084339:role/connections-cluster-role",
            "assume_role_policy": "{\"Statement\":[{\"Action\":\"sts:AssumeRole\",\"Effect\":\"Allow\",\"Principal\":{\"Service\":\"eks.amazonaws.com\"}}],\"Version\":\"2012-10-17\"}",
            "create_date": "2025-08-25T15:02:32Z",
            "description": "",
            "force_detach_policies": false,
            "id": "connections-cluster-role",
            "inline_policy": [],
            "managed_policy_arns": [
              "arn:aws:iam::aws:policy/AmazonEKSClusterPolicy"
            ],
            "max_session_duration": 3600,
            "name": "connections-cluster-role",
            "name_prefix": "",
            "path": "/",
            "permissions_boundary": "",
            "tags": {},
            "tags_all": {},
            "unique_id": "AROAQEVMKUWZTBACYWNCF"
          },
          "sensitive_attributes": [],
          "identity_schema_version": 0,
          "identity": {
            "account_id": "010025084339",
            "name": "connections-cluster-role"
          },
          "private": "bnVsbA=="
        }
      ]
    },
    {
      "mode": "managed",
      "type": "aws_iam_role",
      "name": "connections_node_group_role",
      "provider": "provider[\"registry.terraform.io/hashicorp/aws\"]",
      "instances": [
        {
          "schema_version": 0,
          "attributes": {
            "arn": "arn:aws:iam::010025084339:role/connections-node-group-role",
            "assume_role_policy": "{\"Statement\":[{\"Action\":\"sts:AssumeRole\",\"Effect\":\"Allow\",\"Principal\":{\"Service\":\"ec2.amazonaws.com\"}}],\"Version\":\"2012-10-17\"}",
            "create_date": "2025-08-25T15:02:32Z",
            "description": "",
            "force_detach_policies": false,
            "id": "connections-node-group-role",
            "inline_policy": [],
            "managed_policy_arns": [
              "arn:aws:iam::aws:policy/AmazonEC2ContainerRegistryReadOnly",
              "arn:aws:iam::aws:policy/AmazonEKSWorkerNodePolicy",
              "arn:aws:iam::aws:policy/AmazonEKS_CNI_Policy"
            ],
            "max_session_duration": 3600,
            "name": "connections-node-group-role",
            "name_prefix": "",
            "path": "/",
            "permissions_boundary": "",
            "tags": {},
            "tags_all": {},
            "unique_id": "AROAQEVMKUWZ5LXHYBGBP"
          },
          "sensitive_attributes": [],
          "identity_schema_version": 0,
          "identity": {
            "account_id": "010025084339",
            "name": "connections-node-group-role"
          },
          "private": "bnVsbA=="
        }
      ]
    },
    {
      "mode": "managed",
      "type": "aws_iam_role_policy_attachment",
      "name": "connections_cluster_role_policy",
      "provider": "provider[\"registry.terraform.io/hashicorp/aws\"]",
      "instances": [
        {
          "schema_version": 0,
          "attributes": {
            "id": "connections-cluster-role/arn:aws:iam::aws:policy/AmazonEKSClusterPolicy",
            "policy_arn": "arn:aws:iam::aws:policy/AmazonEKSClusterPolicy",
            "role": "connections-cluster-role"
          },
          "sensitive_attributes": [],
          "identity_schema_version": 0,
          "identity": {
            "account_id": "010025084339",
            "policy_arn": "arn:aws:iam::aws:policy/AmazonEKSClusterPolicy",
            "role": "connections-cluster-role"
          },
          "private": "bnVsbA==",
          "dependencies": [
            "aws_iam_role.connections_cluster_role"
          ]
        }
      ]
    },
    {
      "mode": "managed",
      "type": "aws_iam_role_policy_attachment",
      "name": "connections_node_group_cni_policy",
      "provider": "provider[\"registry.terraform.io/hashicorp/aws\"]",
      "instances": [
        {
          "schema_version": 0,
          "attributes": {
            "id": "connections-node-group-role/arn:aws:iam::aws:policy/AmazonEKS_CNI_Policy",
            "policy_arn": "arn:aws:iam::aws:policy/AmazonEKS_CNI_Policy",
            "role": "connections-node-group-role"
          },
          "sensitive_attributes": [],
          "identity_schema_version": 0,
          "identity": {
            "account_id": "010025084339",
            "policy_arn": "arn:aws:iam::aws:policy/AmazonEKS_CNI_Policy",
            "role": "connections-node-group-role"
          },
          "private": "bnVsbA==",
          "dependencies": [
            "aws_iam_role.connections_node_group_role"
          ]
        }
      ]
    },
    {
      "mode": "managed",
      "type": "aws_iam_role_policy_attachment",
      "name": "connections_node_group_registry_policy",
      "provider": "provider[\"registry.terraform.io/hashicorp/aws\"]",
      "instances": [
        {
          "schema_version": 0,
          "attributes": {
            "id": "connections-node-group-role/arn:aws:iam::aws:policy/AmazonEC2ContainerRegistryReadOnly",
            "policy_arn": "arn:aws:iam::aws:policy/AmazonEC2ContainerRegistryReadOnly",
            "role": "connections-node-group-role"
          },
          "sensitive_attributes": [],
          "identity_schema_version": 0,
          "identity": {
            "account_id": "010025084339",
            "policy_arn": "arn:aws:iam::aws:policy/AmazonEC2ContainerRegistryReadOnly",
            "role": "connections-node-group-role"
          },
          "private": "bnVsbA==",
          "dependencies": [
            "aws_iam_role.connections_node_group_role"
          ]
        }
      ]
    },
    {
      "mode": "managed",
      "type": "aws_iam_role_policy_attachment",
      "name": "connections_node_group_role_policy",
      "provider": "provider[\"registry.terraform.io/hashicorp/aws\"]",
      "instances": [
        {
          "schema_version": 0,
          "attributes": {
            "id": "connections-node-group-role/arn:aws:iam::aws:policy/AmazonEKSWorkerNodePolicy",
            "policy_arn": "arn:aws:iam::aws:policy/AmazonEKSWorkerNodePolicy",
            "role": "connections-node-group-role"
          },
          "sensitive_attributes": [],
          "identity_schema_version": 0,
          "identity": {
            "account_id": "010025084339",
            "policy_arn": "arn:aws:iam::aws:policy/AmazonEKSWorkerNodePolicy",
            "role": "connections-node-group-role"
          },
          "private": "bnVsbA==",
          "dependencies": [
            "aws_iam_role.connections_node_group_role"
          ]
        }
      ]
    },
    {
      "mode": "managed",
      "type": "aws_internet_gateway",
      "name": "connections_igw",
      "provider": "provider[\"registry.terraform.io/hashicorp/aws\"]",
      "instances": [
        {
          "schema_version": 0,
          "attributes": {
            "arn": "arn:aws:ec2:ap-south-1:010025084339:internet-gateway/igw-073b4018f8195f7f0",
            "id": "igw-073b4018f8195f7f0",
            "owner_id": "010025084339",
            "region": "ap-south-1",
            "tags": {
              "Name": "connections-igw"
            },
            "tags_all": {
              "Name": "connections-igw"
            },
            "timeouts": null,
            "vpc_id": "vpc-01756919876e44cc1"
          },
          "sensitive_attributes": [],
          "identity_schema_version": 0,
          "private": "eyJlMmJmYjczMC1lY2FhLTExZTYtOGY4OC0zNDM2M2JjN2M0YzAiOnsiY3JlYXRlIjoxMjAwMDAwMDAwMDAwLCJkZWxldGUiOjEyMDAwMDAwMDAwMDAsInVwZGF0ZSI6MTIwMDAwMDAwMDAwMH19",
          "dependencies": [
            "aws_vpc.connections_vpc"
          ]
        }
      ]
    },
    {
      "mode": "managed",
      "type": "aws_route_table",
      "name": "connections_route_table",
      "provider": "provider[\"registry.terraform.io/hashicorp/aws\"]",
      "instances": [
        {
          "schema_version": 0,
          "attributes": {
            "arn": "arn:aws:ec2:ap-south-1:010025084339:route-table/rtb-0ecd45c57d09f3b58",
            "id": "rtb-0ecd45c57d09f3b58",
            "owner_id": "010025084339",
            "propagating_vgws": [],
            "region": "ap-south-1",
            "route": [
              {
                "carrier_gateway_id": "",
                "cidr_block": "0.0.0.0/0",
                "core_network_arn": "",
                "destination_prefix_list_id": "",
                "egress_only_gateway_id": "",
                "gateway_id": "igw-073b4018f8195f7f0",
                "ipv6_cidr_block": "",
                "local_gateway_id": "",
                "nat_gateway_id": "",
                "network_interface_id": "",
                "transit_gateway_id": "",
                "vpc_endpoint_id": "",
                "vpc_peering_connection_id": ""
              }
            ],
            "tags": {
              "Name": "connections-route-table"
            },
            "tags_all": {
              "Name": "connections-route-table"
            },
            "timeouts": null,
            "vpc_id": "vpc-01756919876e44cc1"
          },
          "sensitive_attributes": [],
          "identity_schema_version": 0,
          "private": "eyJlMmJmYjczMC1lY2FhLTExZTYtOGY4OC0zNDM2M2JjN2M0YzAiOnsiY3JlYXRlIjozMDAwMDAwMDAwMDAsImRlbGV0ZSI6MzAwMDAwMDAwMDAwLCJ1cGRhdGUiOjEyMDAwMDAwMDAwMH19",
          "dependencies": [
            "aws_internet_gateway.connections_igw",
            "aws_vpc.connections_vpc"
          ]
        }
      ]
    },
    {
      "mode": "managed",
      "type": "aws_route_table_association",
      "name": "a",
      "provider": "provider[\"registry.terraform.io/hashicorp/aws\"]",
      "instances": [
        {
          "index_key": 0,
          "schema_version": 0,
          "attributes": {
            "gateway_id": "",
            "id": "rtbassoc-006b0fb9b72cd5164",
            "region": "ap-south-1",
            "route_table_id": "rtb-0ecd45c57d09f3b58",
            "subnet_id": "subnet-031783ae23d94160c",
            "timeouts": null
          },
          "sensitive_attributes": [],
          "identity_schema_version": 0,
          "private": "eyJlMmJmYjczMC1lY2FhLTExZTYtOGY4OC0zNDM2M2JjN2M0YzAiOnsiY3JlYXRlIjozMDAwMDAwMDAwMDAsImRlbGV0ZSI6MzAwMDAwMDAwMDAwLCJ1cGRhdGUiOjEyMDAwMDAwMDAwMH19",
          "dependencies": [
            "aws_internet_gateway.connections_igw",
            "aws_route_table.connections_route_table",
            "aws_subnet.connections_subnet",
            "aws_vpc.connections_vpc"
          ]
        },
        {
          "index_key": 1,
          "schema_version": 0,
          "attributes": {
            "gateway_id": "",
            "id": "rtbassoc-0a140e7ec274d6468",
            "region": "ap-south-1",
            "route_table_id": "rtb-0ecd45c57d09f3b58",
            "subnet_id": "subnet-0e158b3ef8eed1985",
            "timeouts": null
          },
          "sensitive_attributes": [],
          "identity_schema_version": 0,
          "private": "eyJlMmJmYjczMC1lY2FhLTExZTYtOGY4OC0zNDM2M2JjN2M0YzAiOnsiY3JlYXRlIjozMDAwMDAwMDAwMDAsImRlbGV0ZSI6MzAwMDAwMDAwMDAwLCJ1cGRhdGUiOjEyMDAwMDAwMDAwMH19",
          "dependencies": [
            "aws_internet_gateway.connections_igw",
            "aws_route_table.connections_route_table",
            "aws_subnet.connections_subnet",
            "aws_vpc.connections_vpc"
          ]
        }
      ]
    },
    {
      "mode": "managed",
      "type": "aws_security_group",
      "name": "connections_cluster_sg",
      "provider": "provider[\"registry.terraform.io/hashicorp/aws\"]",
      "instances": [
        {
          "schema_version": 1,
          "attributes": {
            "arn": "arn:aws:ec2:ap-south-1:010025084339:security-group/sg-01be443fc3ab3db72",
            "description": "Managed by Terraform",
            "egress": [
              {
                "cidr_blocks": [
                  "0.0.0.0/0"
                ],
                "description": "",
                "from_port": 0,
                "ipv6_cidr_blocks": [],
                "prefix_list_ids": [],
                "protocol": "-1",
                "security_groups": [],
                "self": false,
                "to_port": 0
              }
            ],
            "id": "sg-01be443fc3ab3db72",
            "ingress": [],
            "name": "terraform-20250825150232862500000002",
            "name_prefix": "terraform-",
            "owner_id": "010025084339",
            "region": "ap-south-1",
            "revoke_rules_on_delete": false,
            "tags": {
              "Name": "connections-cluster-sg"
            },
            "tags_all": {
              "Name": "connections-cluster-sg"
            },
            "timeouts": null,
            "vpc_id": "vpc-01756919876e44cc1"
          },
          "sensitive_attributes": [],
          "identity_schema_version": 0,
          "identity": {
            "account_id": "010025084339",
            "id": "sg-01be443fc3ab3db72",
            "region": "ap-south-1"
          },
          "private": "eyJlMmJmYjczMC1lY2FhLTExZTYtOGY4OC0zNDM2M2JjN2M0YzAiOnsiY3JlYXRlIjo2MDAwMDAwMDAwMDAsImRlbGV0ZSI6OTAwMDAwMDAwMDAwfSwic2NoZW1hX3ZlcnNpb24iOiIxIn0=",
          "dependencies": [
            "aws_vpc.connections_vpc"
          ]
        }
      ]
    },
    {
      "mode": "managed",
      "type": "aws_security_group",
      "name": "connections_node_sg",
      "provider": "provider[\"registry.terraform.io/hashicorp/aws\"]",
      "instances": [
        {
          "schema_version": 1,
          "attributes": {
            "arn": "arn:aws:ec2:ap-south-1:010025084339:security-group/sg-054b350f0420ae639",
            "description": "Managed by Terraform",
            "egress": [
              {
                "cidr_blocks": [
                  "0.0.0.0/0"
                ],
                "description": "",
                "from_port": 0,
                "ipv6_cidr_blocks": [],
                "prefix_list_ids": [],
                "protocol": "-1",
                "security_groups": [],
                "self": false,
                "to_port": 0
              }
            ],
            "id": "sg-054b350f0420ae639",
            "ingress": [
              {
                "cidr_blocks": [
                  "0.0.0.0/0"
                ],
                "description": "",
                "from_port": 0,
                "ipv6_cidr_blocks": [],
                "prefix_list_ids": [],
                "protocol": "-1",
                "security_groups": [],
                "self": false,
                "to_port": 0
              }
            ],
            "name": "terraform-20250825150232861900000001",
            "name_prefix": "terraform-",
            "owner_id": "010025084339",
            "region": "ap-south-1",
            "revoke_rules_on_delete": false,
            "tags": {
              "Name": "connections-node-sg"
            },
            "tags_all": {
              "Name": "connections-node-sg"
            },
            "timeouts": null,
            "vpc_id": "vpc-01756919876e44cc1"
          },
          "sensitive_attributes": [],
          "identity_schema_version": 0,
          "identity": {
            "account_id": "010025084339",
            "id": "sg-054b350f0420ae639",
            "region": "ap-south-1"
          },
          "private": "eyJlMmJmYjczMC1lY2FhLTExZTYtOGY4OC0zNDM2M2JjN2M0YzAiOnsiY3JlYXRlIjo2MDAwMDAwMDAwMDAsImRlbGV0ZSI6OTAwMDAwMDAwMDAwfSwic2NoZW1hX3ZlcnNpb24iOiIxIn0=",
          "dependencies": [
            "aws_vpc.connections_vpc"
          ]
        }
      ]
    },
    {
      "mode": "managed",
      "type": "aws_subnet",
      "name": "connections_subnet",
      "provider": "provider[\"registry.terraform.io/hashicorp/aws\"]",
      "instances": [
        {
          "index_key": 0,
          "schema_version": 1,
          "attributes": {
            "arn": "arn:aws:ec2:ap-south-1:010025084339:subnet/subnet-031783ae23d94160c",
            "assign_ipv6_address_on_creation": false,
            "availability_zone": "ap-south-1a",
            "availability_zone_id": "aps1-az1",
            "cidr_block": "10.0.0.0/24",
            "customer_owned_ipv4_pool": "",
            "enable_dns64": false,
            "enable_lni_at_device_index": 0,
            "enable_resource_name_dns_a_record_on_launch": false,
            "enable_resource_name_dns_aaaa_record_on_launch": false,
            "id": "subnet-031783ae23d94160c",
            "ipv6_cidr_block": "",
            "ipv6_cidr_block_association_id": "",
            "ipv6_native": false,
            "map_customer_owned_ip_on_launch": false,
            "map_public_ip_on_launch": true,
            "outpost_arn": "",
            "owner_id": "010025084339",
            "private_dns_hostname_type_on_launch": "ip-name",
            "region": "ap-south-1",
            "tags": {
              "Name": "connections-subnet-0"
            },
            "tags_all": {
              "Name": "connections-subnet-0"
            },
            "timeouts": null,
            "vpc_id": "vpc-01756919876e44cc1"
          },
          "sensitive_attributes": [],
          "identity_schema_version": 0,
          "identity": {
            "account_id": "010025084339",
            "id": "subnet-031783ae23d94160c",
            "region": "ap-south-1"
          },
          "private": "eyJlMmJmYjczMC1lY2FhLTExZTYtOGY4OC0zNDM2M2JjN2M0YzAiOnsiY3JlYXRlIjo2MDAwMDAwMDAwMDAsImRlbGV0ZSI6MTIwMDAwMDAwMDAwMH0sInNjaGVtYV92ZXJzaW9uIjoiMSJ9",
          "dependencies": [
            "aws_vpc.connections_vpc"
          ]
        },
        {
          "index_key": 1,
          "schema_version": 1,
          "attributes": {
            "arn": "arn:aws:ec2:ap-south-1:010025084339:subnet/subnet-0e158b3ef8eed1985",
            "assign_ipv6_address_on_creation": false,
            "availability_zone": "ap-south-1b",
            "availability_zone_id": "aps1-az3",
            "cidr_block": "10.0.1.0/24",
            "customer_owned_ipv4_pool": "",
            "enable_dns64": false,
            "enable_lni_at_device_index": 0,
            "enable_resource_name_dns_a_record_on_launch": false,
            "enable_resource_name_dns_aaaa_record_on_launch": false,
            "id": "subnet-0e158b3ef8eed1985",
            "ipv6_cidr_block": "",
            "ipv6_cidr_block_association_id": "",
            "ipv6_native": false,
            "map_customer_owned_ip_on_launch": false,
            "map_public_ip_on_launch": true,
            "outpost_arn": "",
            "owner_id": "010025084339",
            "private_dns_hostname_type_on_launch": "ip-name",
            "region": "ap-south-1",
            "tags": {
              "Name": "connections-subnet-1"
            },
            "tags_all": {
              "Name": "connections-subnet-1"
            },
            "timeouts": null,
            "vpc_id": "vpc-01756919876e44cc1"
          },
          "sensitive_attributes": [],
          "identity_schema_version": 0,
          "identity": {
            "account_id": "010025084339",
            "id": "subnet-0e158b3ef8eed1985",
            "region": "ap-south-1"
          },
          "private": "eyJlMmJmYjczMC1lY2FhLTExZTYtOGY4OC0zNDM2M2JjN2M0YzAiOnsiY3JlYXRlIjo2MDAwMDAwMDAwMDAsImRlbGV0ZSI6MTIwMDAwMDAwMDAwMH0sInNjaGVtYV92ZXJzaW9uIjoiMSJ9",
          "dependencies": [
            "aws_vpc.connections_vpc"
          ]
        }
      ]
    },
    {
      "mode": "managed",
      "type": "aws_vpc",
      "name": "connections_vpc",
      "provider": "provider[\"registry.terraform.io/hashicorp/aws\"]",
      "instances": [
        {
          "schema_version": 1,
          "attributes": {
            "arn": "arn:aws:ec2:ap-south-1:010025084339:vpc/vpc-01756919876e44cc1",
            "assign_generated_ipv6_cidr_block": false,
            "cidr_block": "10.0.0.0/16",
            "default_network_acl_id": "acl-00d61ac1178106f8b",
            "default_route_table_id": "rtb-06e3479357e4c0e3d",
            "default_security_group_id": "sg-06c73ef6be1a8aeca",
            "dhcp_options_id": "dopt-0c0cfa5f0779646c6",
            "enable_dns_hostnames": false,
            "enable_dns_support": true,
            "enable_network_address_usage_metrics": false,
            "id": "vpc-01756919876e44cc1",
            "instance_tenancy": "default",
            "ipv4_ipam_pool_id": null,
            "ipv4_netmask_length": null,
            "ipv6_association_id": "",
            "ipv6_cidr_block": "",
            "ipv6_cidr_block_network_border_group": "",
            "ipv6_ipam_pool_id": "",
            "ipv6_netmask_length": 0,
            "main_route_table_id": "rtb-06e3479357e4c0e3d",
            "owner_id": "010025084339",
            "region": "ap-south-1",
            "tags": {
              "Name": "connections-vpc"
            },
            "tags_all": {
              "Name": "connections-vpc"
            }
          },
          "sensitive_attributes": [],
          "identity_schema_version": 0,
          "private": "eyJzY2hlbWFfdmVyc2lvbiI6IjEifQ=="
        }
      ]
    }
  ],
  "check_results": null
}
